# @generated - this file is auto-generated by `mise lock` https://mise.jdx.dev/dev-tools/mise-lock.html

lockfile_version = 3

[[tools.aws-cli]]
version = "2.27.49"
backend = "aqua:aws/aws-cli"
specifiers = ["2.27.49"]

[tools.aws-cli."platforms.linux-arm64"]
url = "https://awscli.amazonaws.com/awscli-exe-linux-aarch64-2.27.49.zip"

[tools.aws-cli."platforms.linux-x64"]
url = "https://awscli.amazonaws.com/awscli-exe-linux-x86_64-2.27.49.zip"

[tools.aws-cli."platforms.macos-arm64"]
url = "https://awscli.amazonaws.com/AWSCLIV2-2.27.49.pkg"

[[tools.rustfs]]
version = "1.0.1"
backend = "github:rustfs/rustfs"
specifiers = ["1.0.1"]

[tools.rustfs."platforms.linux-arm64"]
checksum = "sha256:1dcfb6ae59702b8e90394157e57450ed219515a1cc63525f730d4e120e9be7b9"
url = "https://github.com/rustfs/rustfs/releases/download/1.0.1/rustfs-linux-aarch64-gnu-v1.0.1.zip"
url_api = "https://api.github.com/repos/rustfs/rustfs/releases/assets/607172152"

[tools.rustfs."platforms.linux-x64"]
checksum = "sha256:9742e183cb0dfb0d48fa909797af572fe47b7f827569036baa4156e0d3958ee5"
url = "https://github.com/rustfs/rustfs/releases/download/1.0.1/rustfs-linux-x86_64-gnu-v1.0.1.zip"
url_api = "https://api.github.com/repos/rustfs/rustfs/releases/assets/607172574"

[tools.rustfs."platforms.macos-arm64"]
checksum = "sha256:18aac7101c3484b98f93de64a0609aaa8e02aba072ba7927172c4b2eae7d4843"
url = "https://github.com/rustfs/rustfs/releases/download/1.0.1/rustfs-macos-aarch64-v1.0.1.zip"
url_api = "https://api.github.com/repos/rustfs/rustfs/releases/assets/607172938"
